<?xml version="1.0" encoding="utf-8"?>
<Project ToolsVersion="4.0" xmlns="http://schemas.microsoft.com/developer/msbuild/2003">
  <ItemGroup>
    <Filter Include="Source Files">
      <UniqueIdentifier>{9e2f3080-91e0-4445-9a42-505986ffa39b}</UniqueIdentifier>
      <Extensions>cpp;cxx;c;cc</Extensions>
    </Filter>
    <Filter Include="Header Files">
      <UniqueIdentifier>{47ae93c9-3202-4dab-aae5-376c92e0b059}</UniqueIdentifier>
      <Extensions>h;hpp;hh;inl</Extensions>
    </Filter>
    <Filter Include="Header Files\test">
      <UniqueIdentifier>{8170d6cd-5558-41c1-b12f-94bb9be36b5f}</UniqueIdentifier>
    </Filter>
    <Filter Include="Source Files\generated">
      <UniqueIdentifier>{1ff25824-13c8-4c8a-88f2-3a8662ad9d42}</UniqueIdentifier>
    </Filter>
    <Filter Include="Header Files\sockets">
      <UniqueIdentifier>{2a1a1cc0-ecdd-4193-9391-f3f52f05afe4}</UniqueIdentifier>
    </Filter>
  </ItemGroup>
  <ItemGroup>
    <ClInclude Include="Src\Test_ws2_32_hook.h">
      <Filter>Header Files\test</Filter>
    </ClInclude>
    <ClInclude Include="..\..\src\api\windows\ws2_32\ws2_32.h">
      <Filter>Header Files</Filter>
    </ClInclude>
    <ClInclude Include="..\..\src\api\windows\ws2_32\ws2_32_def.h">
      <Filter>Header Files</Filter>
    </ClInclude>
    <ClInclude Include="..\..\src\api\windows\ws2_32\socket_state.h">
      <Filter>Header Files</Filter>
    </ClInclude>
    <ClInclude Include="..\..\src\api\windows\ws2_32\sockets\BLIp.h">
      <Filter>Header Files\sockets</Filter>
    </ClInclude>
    <ClInclude Include="..\..\src\api\windows\ws2_32\sockets\BLIpAddress.h">
      <Filter>Header Files\sockets</Filter>
    </ClInclude>
    <ClInclude Include="..\..\src\api\windows\ws2_32\sockets\BLIpResolve.h">
      <Filter>Header Files\sockets</Filter>
    </ClInclude>
    <ClInclude Include="..\..\src\api\windows\ws2_32\sockets\BLNetwork.h">
      <Filter>Header Files\sockets</Filter>
    </ClInclude>
    <ClInclude Include="..\..\src\api\windows\ws2_32\sockets\BLSocket.h">
      <Filter>Header Files\sockets</Filter>
    </ClInclude>
    <ClInclude Include="..\..\src\api\windows\ws2_32\sockets\BLSocketDef.h">
      <Filter>Header Files\sockets</Filter>
    </ClInclude>
    <ClInclude Include="..\..\src\api\windows\ws2_32\sockets\BLSocketIoControl.h">
      <Filter>Header Files\sockets</Filter>
    </ClInclude>
    <ClInclude Include="..\..\src\api\windows\ws2_32\sockets\BLSocketOperations.h">
      <Filter>Header Files\sockets</Filter>
    </ClInclude>
    <ClInclude Include="..\..\src\api\windows\ws2_32\sockets\BLSocketOptions.h">
      <Filter>Header Files\sockets</Filter>
    </ClInclude>
    <ClInclude Include="..\..\src\api\windows\ws2_32\sockets\BLSocketSelector.h">
      <Filter>Header Files\sockets</Filter>
    </ClInclude>
    <ClInclude Include="..\..\src\api\compiler.h">
      <Filter>Header Files</Filter>
    </ClInclude>
  </ItemGroup>
  <ItemGroup>
    <ClCompile Include="Src\Generated\Test_ws2_32_hookRunner.cpp">
      <Filter>Source Files\generated</Filter>
    </ClCompile>
    <ClCompile Include="..\..\src\api\windows\ws2_32\ws2_32.cpp">
      <Filter>Source Files</Filter>
    </ClCompile>
    <ClCompile Include="..\..\src\api\windows\ws2_32\ws2_32_hook_fns.cpp">
      <Filter>Source Files</Filter>
    </ClCompile>
    <ClCompile Include="..\..\src\ApiHook.cpp">
      <Filter>Source Files</Filter>
    </ClCompile>
  </ItemGroup>
</Project>